github.com/fatih/color v1.7.0 h1:DkWD4oS2D8LGGgTQ6IvwJJXSL5Vp2ffcQg58nFV38Ys=
github.com/fatih/color v1.7.0/go.mod h1:Zm6kSWBoL9eyXnKyktHP6abPY2pDugNf5KwzbycvMj4=
github.com/lib/pq v1.0.0 h1:X5PMW56eZitiTeO7tKzZxFCSpbFZJtkMMooicw2us9A=
github.com/lib/pq v1.0.0/go.mod h1:5WUZQaWbwv1U+lTReE5YruASi9Al49XbQIvNi/34Woo=
github.com/mattn/go-colorable v0.0.9 h1:UVL0vNpWh04HeJXV0KLcaT7r06gOH2l4OW6ddYRUIY4=
github.com/mattn/go-colorable v0.0.9/go.mod h1:9vuHe8Xs5qXnSaW/c/ABM9alt+Vo+STaOChaDxuIBZU=
github.com/mattn/go-isatty v0.0.4 h1:bnP0vzxcAdeI1zdubAl5PjU6zsERjGZb7raWodagDYs=
github.com/mattn/go-isatty v0.0.4/go.mod h1:M+lRXTBqGeGNdLjl/ufCoiOlB5xdOkqRJdNxMWT7Zi4=
github.com/rubenv/sql-migrate v0.0.0-20180704111356-3f452fc0ebeb h1:lAOy8O8yKU3unXE92z9pfE7ylDwXr3202BLskpOaUcA=
github.com/rubenv/sql-migrate v0.0.0-20180704111356-3f452fc0ebeb/go.mod h1:WS0rl9eEliYI8DPnr3TOwz4439pay+qNgzJoVya/DmY=
gopkg.in/gorp.v1 v1.7.1 h1:GBB9KrWRATQZh95HJyVGUZrWwOPswitEYEyqlK8JbAA=
gopkg.in/gorp.v1 v1.7.1/go.mod h1:Wo3h+DBQZIxATwftsglhdD/62zRFPhGhTiu5jUJmCaw=
impractical.co/auth/accounts v0.0.0-20180701060203-874d2d589c29 h1:ZzJBxAbXmJDLuz7ESSeOhVlvBt4rgHP9lFzoAWyU2ec=
impractical.co/auth/accounts v0.0.0-20180701060203-874d2d589c29/go.mod h1:kDVH9otrH3pbLAvYOFtx9DjIjywYfVH+6EO/w9DgMNE=
impractical.co/auth/grants v0.0.0-20180617192114-1b858b9e5971 h1:8EOEPDYdIK50SYxcdXLTHcdeOxsPfIvekEUlI3pCWqE=
impractical.co/auth/grants v0.0.0-20180617192114-1b858b9e5971/go.mod h1:v6XuI3oHdu6oznr7bwmz3ylQIJzMAcR+nmDgy+D9UL4=
impractical.co/auth/scopes v0.0.0-20180617194958-0b8b4b77b453 h1:qFciQ/oP1hh6h0wfyu/BTRXiqrvesC9LeBMg3T+wnzw=
impractical.co/auth/scopes v0.0.0-20180617194958-0b8b4b77b453/go.mod h1:bmaiktw5ZKyGdYa1MwUBRUBhzpPpRx/6vdTeHWdvSDI=
impractical.co/auth/tokens v0.0.0-20180617060815-aed3199cf42b h1:vDfLT7vjhRpeIsEqyX+R7ecE6lOLLU50lMQ1jO235a4=
impractical.co/auth/tokens v0.0.0-20180617060815-aed3199cf42b/go.mod h1:Je/eXrUuFeMjq2LeTn5QjGbJhQejqmDeXQsDdlpg+yI=
yall.in v0.0.1 h1:oQkgnFIY1GmRmWLXjat+Lt8KE/yD3PbEYP7lt71utpo=
yall.in v0.0.1/go.mod h1:sihZtLjLdINMcMiqCZ6juYVK9XuWt1RaMwGnwGlK1ag=
